
Microsoft Visual Studio Solution File, Format Version 12.00
# Visual Studio Version 16
VisualStudioVersion = 16.0.32802.440
MinimumVisualStudioVersion = 10.0.40219.1
Project("{FAE04EC0-301F-11D3-BF4B-00C04F79EFBC}") = "Filelog", "Filelog.csproj", "{AB74BFE9-4CB9-4622-8DD1-49B7F2FE3596}"
EndProject
Global
	GlobalSection(SolutionConfigurationPlatforms) = preSolution
		Debug|Any CPU = Debug|Any CPU
		Release|Any CPU = Release|Any CPU
	EndGlobalSection
	GlobalSection(ProjectConfigurationPlatforms) = postSolution
		{AB74BFE9-4CB9-4622-8DD1-49B7F2FE3596}.Debug|Any CPU.ActiveCfg = Debug|Any CPU
		{AB74BFE9-4CB9-4622-8DD1-49B7F2FE3596}.Debug|Any CPU.Build.0 = Debug|Any CPU
		{AB74BFE9-4CB9-4622-8DD1-49B7F2FE3596}.Release|Any CPU.ActiveCfg = Release|Any CPU
		{AB74BFE9-4CB9-4622-8DD1-49B7F2FE3596}.Release|Any CPU.Build.0 = Release|Any CPU
	EndGlobalSection
	GlobalSection(SolutionProperties) = preSolution
		HideSolutionNode = FALSE
	EndGlobalSection
	GlobalSection(ExtensibilityGlobals) = postSolution
		SolutionGuid = {178FAF38-2007-4290-B3FF-FCBA23E17350}
	EndGlobalSection
EndGlobal
